
Microsoft Visual Studio Solution File, Format Version 12.00
# Visual Studio Version 17
VisualStudioVersion = 17.0.31903.59
MinimumVisualStudioVersion = 10.0.40219.1
Project("{FAE04EC0-301F-11D3-BF4B-00C04F79EFBC}") = "Landoria.AfkDetector", "Landoria.AfkDetector\Landoria.AfkDetector.csproj", "{7B88B753-913F-4936-88DF-173D3F373E9B}"
EndProject
Project("{FAE04EC0-301F-11D3-BF4B-00C04F79EFBC}") = "Landoria.SharedLib", "Landoria.SharedLib\Landoria.SharedLib.csproj", "{223C38C3-C1FD-48B8-BDC8-23414AA56617}"
EndProject
Project("{FAE04EC0-301F-11D3-BF4B-00C04F79EFBC}") = "Landoria.CharacterVault", "Landoria.CharacterVault\Landoria.CharacterVault.csproj", "{70BCF48B-1C23-4B2A-8A4F-F01CC21E3EC5}"
EndProject
Project("{FAE04EC0-301F-11D3-BF4B-00C04F79EFBC}") = "Landoria.ExpandedServer", "Landoria.ExpandedServer\Landoria.ExpandedServer.csproj", "{BC3CCFF6-4C9F-4610-963F-06DAC8828ADC}"
EndProject
Project("{FAE04EC0-301F-11D3-BF4B-00C04F79EFBC}") = "Landoria.HammerFreedom", "Landoria.HammerFreedom\Landoria.HammerFreedom.csproj", "{DDA10461-612F-42CD-A050-B2634758E942}"
EndProject
Project("{FAE04EC0-301F-11D3-BF4B-00C04F79EFBC}") = "Landoria.FreeFlyCommand", "Landoria.FreeFlyCommand\Landoria.FreeFlyCommand.csproj", "{037059B7-0C09-4B60-A05B-62627829B3D8}"
EndProject
Project("{FAE04EC0-301F-11D3-BF4B-00C04F79EFBC}") = "Landoria.GentleDeath", "Landoria.GentleDeath\Landoria.GentleDeath.csproj", "{CAA46083-A0C5-4FFC-9180-99BE40D8CAA1}"
EndProject
Project("{FAE04EC0-301F-11D3-BF4B-00C04F79EFBC}") = "Landoria.GetMyTrophyBack", "Landoria.GetMyTrophyBack\Landoria.GetMyTrophyBack.csproj", "{66592EBD-C28B-46B8-996D-6D4BF2FB210F}"
EndProject
Project("{FAE04EC0-301F-11D3-BF4B-00C04F79EFBC}") = "Landoria.ModSentry", "Landoria.ModSentry\Landoria.ModSentry.csproj", "{27ED17A4-E7BC-4D42-9C9B-CAC4812948EF}"
EndProject
Project("{FAE04EC0-301F-11D3-BF4B-00C04F79EFBC}") = "Landoria.Moderator", "Landoria.Moderator\Landoria.Moderator.csproj", "{CA2ABD79-CB95-41E2-999B-52AE9310670C}"
EndProject
Project("{FAE04EC0-301F-11D3-BF4B-00C04F79EFBC}") = "Landoria.QuickLaunch", "Landoria.QuickLaunch\Landoria.QuickLaunch.csproj", "{046ED613-45E5-48D3-9B7B-72703870DA05}"
EndProject
Project("{FAE04EC0-301F-11D3-BF4B-00C04F79EFBC}") = "Landoria.SealedTombstone", "Landoria.SealedTombstone\Landoria.SealedTombstone.csproj", "{37181DCE-EEA5-4CC8-8DF3-32B9AB883DE8}"
EndProject
Project("{FAE04EC0-301F-11D3-BF4B-00C04F79EFBC}") = "Landoria.Socialize", "Landoria.Socialize\Landoria.Socialize.csproj", "{DA5DE9DF-7727-4D5F-8274-896B8EB80ED3}"
EndProject
Project("{FAE04EC0-301F-11D3-BF4B-00C04F79EFBC}") = "Landoria.StructureProtection", "Landoria.StructureProtection\Landoria.StructureProtection.csproj", "{C6FAAFDF-2D25-4CD3-BD71-59BAA98F1D20}"
EndProject
Project("{FAE04EC0-301F-11D3-BF4B-00C04F79EFBC}") = "Landoria.DecayControl", "Landoria.DecayControl\Landoria.DecayControl.csproj", "{0F691AC2-F9E1-45CB-B34E-7B57171ADCE7}"
EndProject
Project("{FAE04EC0-301F-11D3-BF4B-00C04F79EFBC}") = "Landoria.FirstPerson", "Landoria.FirstPerson\Landoria.FirstPerson.csproj", "{E3AE6231-B01C-4392-AA43-20F1215A876B}"
EndProject
Project("{FAE04EC0-301F-11D3-BF4B-00C04F79EFBC}") = "Landoria.NoServerPassword", "Landoria.NoServerPassword\Landoria.NoServerPassword.csproj", "{C424AE43-8596-4E8C-9517-0B4BF2927364}"
EndProject
Global
	GlobalSection(SolutionConfigurationPlatforms) = preSolution
		Debug|Any CPU = Debug|Any CPU
		Debug|x64 = Debug|x64
		Debug|x86 = Debug|x86
		Release|Any CPU = Release|Any CPU
		Release|x64 = Release|x64
		Release|x86 = Release|x86
	EndGlobalSection
	GlobalSection(ProjectConfigurationPlatforms) = postSolution
		{7B88B753-913F-4936-88DF-173D3F373E9B}.Debug|Any CPU.ActiveCfg = Debug|Any CPU
		{7B88B753-913F-4936-88DF-173D3F373E9B}.Debug|Any CPU.Build.0 = Debug|Any CPU
		{7B88B753-913F-4936-88DF-173D3F373E9B}.Debug|x64.ActiveCfg = Debug|Any CPU
		{7B88B753-913F-4936-88DF-173D3F373E9B}.Debug|x64.Build.0 = Debug|Any CPU
		{7B88B753-913F-4936-88DF-173D3F373E9B}.Debug|x86.ActiveCfg = Debug|Any CPU
		{7B88B753-913F-4936-88DF-173D3F373E9B}.Debug|x86.Build.0 = Debug|Any CPU
		{7B88B753-913F-4936-88DF-173D3F373E9B}.Release|Any CPU.ActiveCfg = Release|Any CPU
		{7B88B753-913F-4936-88DF-173D3F373E9B}.Release|Any CPU.Build.0 = Release|Any CPU
		{7B88B753-913F-4936-88DF-173D3F373E9B}.Release|x64.ActiveCfg = Release|Any CPU
		{7B88B753-913F-4936-88DF-173D3F373E9B}.Release|x64.Build.0 = Release|Any CPU
		{7B88B753-913F-4936-88DF-173D3F373E9B}.Release|x86.ActiveCfg = Release|Any CPU
		{7B88B753-913F-4936-88DF-173D3F373E9B}.Release|x86.Build.0 = Release|Any CPU
		{223C38C3-C1FD-48B8-BDC8-23414AA56617}.Debug|Any CPU.ActiveCfg = Debug|Any CPU
		{223C38C3-C1FD-48B8-BDC8-23414AA56617}.Debug|Any CPU.Build.0 = Debug|Any CPU
		{223C38C3-C1FD-48B8-BDC8-23414AA56617}.Debug|x64.ActiveCfg = Debug|Any CPU
		{223C38C3-C1FD-48B8-BDC8-23414AA56617}.Debug|x64.Build.0 = Debug|Any CPU
		{223C38C3-C1FD-48B8-BDC8-23414AA56617}.Debug|x86.ActiveCfg = Debug|Any CPU
		{223C38C3-C1FD-48B8-BDC8-23414AA56617}.Debug|x86.Build.0 = Debug|Any CPU
		{223C38C3-C1FD-48B8-BDC8-23414AA56617}.Release|Any CPU.ActiveCfg = Release|Any CPU
		{223C38C3-C1FD-48B8-BDC8-23414AA56617}.Release|Any CPU.Build.0 = Release|Any CPU
		{223C38C3-C1FD-48B8-BDC8-23414AA56617}.Release|x64.ActiveCfg = Release|Any CPU
		{223C38C3-C1FD-48B8-BDC8-23414AA56617}.Release|x64.Build.0 = Release|Any CPU
		{223C38C3-C1FD-48B8-BDC8-23414AA56617}.Release|x86.ActiveCfg = Release|Any CPU
		{223C38C3-C1FD-48B8-BDC8-23414AA56617}.Release|x86.Build.0 = Release|Any CPU
		{70BCF48B-1C23-4B2A-8A4F-F01CC21E3EC5}.Debug|Any CPU.ActiveCfg = Debug|Any CPU
		{70BCF48B-1C23-4B2A-8A4F-F01CC21E3EC5}.Debug|Any CPU.Build.0 = Debug|Any CPU
		{70BCF48B-1C23-4B2A-8A4F-F01CC21E3EC5}.Debug|x64.ActiveCfg = Debug|Any CPU
		{70BCF48B-1C23-4B2A-8A4F-F01CC21E3EC5}.Debug|x64.Build.0 = Debug|Any CPU
		{70BCF48B-1C23-4B2A-8A4F-F01CC21E3EC5}.Debug|x86.ActiveCfg = Debug|Any CPU
		{70BCF48B-1C23-4B2A-8A4F-F01CC21E3EC5}.Debug|x86.Build.0 = Debug|Any CPU
		{70BCF48B-1C23-4B2A-8A4F-F01CC21E3EC5}.Release|Any CPU.ActiveCfg = Release|Any CPU
		{70BCF48B-1C23-4B2A-8A4F-F01CC21E3EC5}.Release|Any CPU.Build.0 = Release|Any CPU
		{70BCF48B-1C23-4B2A-8A4F-F01CC21E3EC5}.Release|x64.ActiveCfg = Release|Any CPU
		{70BCF48B-1C23-4B2A-8A4F-F01CC21E3EC5}.Release|x64.Build.0 = Release|Any CPU
		{70BCF48B-1C23-4B2A-8A4F-F01CC21E3EC5}.Release|x86.ActiveCfg = Release|Any CPU
		{70BCF48B-1C23-4B2A-8A4F-F01CC21E3EC5}.Release|x86.Build.0 = Release|Any CPU
		{BC3CCFF6-4C9F-4610-963F-06DAC8828ADC}.Debug|Any CPU.ActiveCfg = Debug|Any CPU
		{BC3CCFF6-4C9F-4610-963F-06DAC8828ADC}.Debug|Any CPU.Build.0 = Debug|Any CPU
		{BC3CCFF6-4C9F-4610-963F-06DAC8828ADC}.Debug|x64.ActiveCfg = Debug|Any CPU
		{BC3CCFF6-4C9F-4610-963F-06DAC8828ADC}.Debug|x64.Build.0 = Debug|Any CPU
		{BC3CCFF6-4C9F-4610-963F-06DAC8828ADC}.Debug|x86.ActiveCfg = Debug|Any CPU
		{BC3CCFF6-4C9F-4610-963F-06DAC8828ADC}.Debug|x86.Build.0 = Debug|Any CPU
		{BC3CCFF6-4C9F-4610-963F-06DAC8828ADC}.Release|Any CPU.ActiveCfg = Release|Any CPU
		{BC3CCFF6-4C9F-4610-963F-06DAC8828ADC}.Release|Any CPU.Build.0 = Release|Any CPU
		{BC3CCFF6-4C9F-4610-963F-06DAC8828ADC}.Release|x64.ActiveCfg = Release|Any CPU
		{BC3CCFF6-4C9F-4610-963F-06DAC8828ADC}.Release|x64.Build.0 = Release|Any CPU
		{BC3CCFF6-4C9F-4610-963F-06DAC8828ADC}.Release|x86.ActiveCfg = Release|Any CPU
		{BC3CCFF6-4C9F-4610-963F-06DAC8828ADC}.Release|x86.Build.0 = Release|Any CPU
		{DDA10461-612F-42CD-A050-B2634758E942}.Debug|Any CPU.ActiveCfg = Debug|Any CPU
		{DDA10461-612F-42CD-A050-B2634758E942}.Debug|Any CPU.Build.0 = Debug|Any CPU
		{DDA10461-612F-42CD-A050-B2634758E942}.Debug|x64.ActiveCfg = Debug|Any CPU
		{DDA10461-612F-42CD-A050-B2634758E942}.Debug|x64.Build.0 = Debug|Any CPU
		{DDA10461-612F-42CD-A050-B2634758E942}.Debug|x86.ActiveCfg = Debug|Any CPU
		{DDA10461-612F-42CD-A050-B2634758E942}.Debug|x86.Build.0 = Debug|Any CPU
		{DDA10461-612F-42CD-A050-B2634758E942}.Release|Any CPU.ActiveCfg = Release|Any CPU
		{DDA10461-612F-42CD-A050-B2634758E942}.Release|Any CPU.Build.0 = Release|Any CPU
		{DDA10461-612F-42CD-A050-B2634758E942}.Release|x64.ActiveCfg = Release|Any CPU
		{DDA10461-612F-42CD-A050-B2634758E942}.Release|x64.Build.0 = Release|Any CPU
		{DDA10461-612F-42CD-A050-B2634758E942}.Release|x86.ActiveCfg = Release|Any CPU
		{DDA10461-612F-42CD-A050-B2634758E942}.Release|x86.Build.0 = Release|Any CPU
		{037059B7-0C09-4B60-A05B-62627829B3D8}.Debug|Any CPU.ActiveCfg = Debug|Any CPU
		{037059B7-0C09-4B60-A05B-62627829B3D8}.Debug|Any CPU.Build.0 = Debug|Any CPU
		{037059B7-0C09-4B60-A05B-62627829B3D8}.Debug|x64.ActiveCfg = Debug|Any CPU
		{037059B7-0C09-4B60-A05B-62627829B3D8}.Debug|x64.Build.0 = Debug|Any CPU
		{037059B7-0C09-4B60-A05B-62627829B3D8}.Debug|x86.ActiveCfg = Debug|Any CPU
		{037059B7-0C09-4B60-A05B-62627829B3D8}.Debug|x86.Build.0 = Debug|Any CPU
		{037059B7-0C09-4B60-A05B-62627829B3D8}.Release|Any CPU.ActiveCfg = Release|Any CPU
		{037059B7-0C09-4B60-A05B-62627829B3D8}.Release|Any CPU.Build.0 = Release|Any CPU
		{037059B7-0C09-4B60-A05B-62627829B3D8}.Release|x64.ActiveCfg = Release|Any CPU
		{037059B7-0C09-4B60-A05B-62627829B3D8}.Release|x64.Build.0 = Release|Any CPU
		{037059B7-0C09-4B60-A05B-62627829B3D8}.Release|x86.ActiveCfg = Release|Any CPU
		{037059B7-0C09-4B60-A05B-62627829B3D8}.Release|x86.Build.0 = Release|Any CPU
		{CAA46083-A0C5-4FFC-9180-99BE40D8CAA1}.Debug|Any CPU.ActiveCfg = Debug|Any CPU
		{CAA46083-A0C5-4FFC-9180-99BE40D8CAA1}.Debug|Any CPU.Build.0 = Debug|Any CPU
		{CAA46083-A0C5-4FFC-9180-99BE40D8CAA1}.Debug|x64.ActiveCfg = Debug|Any CPU
		{CAA46083-A0C5-4FFC-9180-99BE40D8CAA1}.Debug|x64.Build.0 = Debug|Any CPU
		{CAA46083-A0C5-4FFC-9180-99BE40D8CAA1}.Debug|x86.ActiveCfg = Debug|Any CPU
		{CAA46083-A0C5-4FFC-9180-99BE40D8CAA1}.Debug|x86.Build.0 = Debug|Any CPU
		{CAA46083-A0C5-4FFC-9180-99BE40D8CAA1}.Release|Any CPU.ActiveCfg = Release|Any CPU
		{CAA46083-A0C5-4FFC-9180-99BE40D8CAA1}.Release|Any CPU.Build.0 = Release|Any CPU
		{CAA46083-A0C5-4FFC-9180-99BE40D8CAA1}.Release|x64.ActiveCfg = Release|Any CPU
		{CAA46083-A0C5-4FFC-9180-99BE40D8CAA1}.Release|x64.Build.0 = Release|Any CPU
		{CAA46083-A0C5-4FFC-9180-99BE40D8CAA1}.Release|x86.ActiveCfg = Release|Any CPU
		{CAA46083-A0C5-4FFC-9180-99BE40D8CAA1}.Release|x86.Build.0 = Release|Any CPU
		{66592EBD-C28B-46B8-996D-6D4BF2FB210F}.Debug|Any CPU.ActiveCfg = Debug|Any CPU
		{66592EBD-C28B-46B8-996D-6D4BF2FB210F}.Debug|Any CPU.Build.0 = Debug|Any CPU
		{66592EBD-C28B-46B8-996D-6D4BF2FB210F}.Debug|x64.ActiveCfg = Debug|Any CPU
		{66592EBD-C28B-46B8-996D-6D4BF2FB210F}.Debug|x64.Build.0 = Debug|Any CPU
		{66592EBD-C28B-46B8-996D-6D4BF2FB210F}.Debug|x86.ActiveCfg = Debug|Any CPU
		{66592EBD-C28B-46B8-996D-6D4BF2FB210F}.Debug|x86.Build.0 = Debug|Any CPU
		{66592EBD-C28B-46B8-996D-6D4BF2FB210F}.Release|Any CPU.ActiveCfg = Release|Any CPU
		{66592EBD-C28B-46B8-996D-6D4BF2FB210F}.Release|Any CPU.Build.0 = Release|Any CPU
		{66592EBD-C28B-46B8-996D-6D4BF2FB210F}.Release|x64.ActiveCfg = Release|Any CPU
		{66592EBD-C28B-46B8-996D-6D4BF2FB210F}.Release|x64.Build.0 = Release|Any CPU
		{66592EBD-C28B-46B8-996D-6D4BF2FB210F}.Release|x86.ActiveCfg = Release|Any CPU
		{66592EBD-C28B-46B8-996D-6D4BF2FB210F}.Release|x86.Build.0 = Release|Any CPU
		{27ED17A4-E7BC-4D42-9C9B-CAC4812948EF}.Debug|Any CPU.ActiveCfg = Debug|Any CPU
		{27ED17A4-E7BC-4D42-9C9B-CAC4812948EF}.Debug|Any CPU.Build.0 = Debug|Any CPU
		{27ED17A4-E7BC-4D42-9C9B-CAC4812948EF}.Debug|x64.ActiveCfg = Debug|Any CPU
		{27ED17A4-E7BC-4D42-9C9B-CAC4812948EF}.Debug|x64.Build.0 = Debug|Any CPU
		{27ED17A4-E7BC-4D42-9C9B-CAC4812948EF}.Debug|x86.ActiveCfg = Debug|Any CPU
		{27ED17A4-E7BC-4D42-9C9B-CAC4812948EF}.Debug|x86.Build.0 = Debug|Any CPU
		{27ED17A4-E7BC-4D42-9C9B-CAC4812948EF}.Release|Any CPU.ActiveCfg = Release|Any CPU
		{27ED17A4-E7BC-4D42-9C9B-CAC4812948EF}.Release|Any CPU.Build.0 = Release|Any CPU
		{27ED17A4-E7BC-4D42-9C9B-CAC4812948EF}.Release|x64.ActiveCfg = Release|Any CPU
		{27ED17A4-E7BC-4D42-9C9B-CAC4812948EF}.Release|x64.Build.0 = Release|Any CPU
		{27ED17A4-E7BC-4D42-9C9B-CAC4812948EF}.Release|x86.ActiveCfg = Release|Any CPU
		{27ED17A4-E7BC-4D42-9C9B-CAC4812948EF}.Release|x86.Build.0 = Release|Any CPU
		{CA2ABD79-CB95-41E2-999B-52AE9310670C}.Debug|Any CPU.ActiveCfg = Debug|Any CPU
		{CA2ABD79-CB95-41E2-999B-52AE9310670C}.Debug|Any CPU.Build.0 = Debug|Any CPU
		{CA2ABD79-CB95-41E2-999B-52AE9310670C}.Debug|x64.ActiveCfg = Debug|Any CPU
		{CA2ABD79-CB95-41E2-999B-52AE9310670C}.Debug|x64.Build.0 = Debug|Any CPU
		{CA2ABD79-CB95-41E2-999B-52AE9310670C}.Debug|x86.ActiveCfg = Debug|Any CPU
		{CA2ABD79-CB95-41E2-999B-52AE9310670C}.Debug|x86.Build.0 = Debug|Any CPU
		{CA2ABD79-CB95-41E2-999B-52AE9310670C}.Release|Any CPU.ActiveCfg = Release|Any CPU
		{CA2ABD79-CB95-41E2-999B-52AE9310670C}.Release|Any CPU.Build.0 = Release|Any CPU
		{CA2ABD79-CB95-41E2-999B-52AE9310670C}.Release|x64.ActiveCfg = Release|Any CPU
		{CA2ABD79-CB95-41E2-999B-52AE9310670C}.Release|x64.Build.0 = Release|Any CPU
		{CA2ABD79-CB95-41E2-999B-52AE9310670C}.Release|x86.ActiveCfg = Release|Any CPU
		{CA2ABD79-CB95-41E2-999B-52AE9310670C}.Release|x86.Build.0 = Release|Any CPU
		{046ED613-45E5-48D3-9B7B-72703870DA05}.Debug|Any CPU.ActiveCfg = Debug|Any CPU
		{046ED613-45E5-48D3-9B7B-72703870DA05}.Debug|Any CPU.Build.0 = Debug|Any CPU
		{046ED613-45E5-48D3-9B7B-72703870DA05}.Debug|x64.ActiveCfg = Debug|Any CPU
		{046ED613-45E5-48D3-9B7B-72703870DA05}.Debug|x64.Build.0 = Debug|Any CPU
		{046ED613-45E5-48D3-9B7B-72703870DA05}.Debug|x86.ActiveCfg = Debug|Any CPU
		{046ED613-45E5-48D3-9B7B-72703870DA05}.Debug|x86.Build.0 = Debug|Any CPU
		{046ED613-45E5-48D3-9B7B-72703870DA05}.Release|Any CPU.ActiveCfg = Release|Any CPU
		{046ED613-45E5-48D3-9B7B-72703870DA05}.Release|Any CPU.Build.0 = Release|Any CPU
		{046ED613-45E5-48D3-9B7B-72703870DA05}.Release|x64.ActiveCfg = Release|Any CPU
		{046ED613-45E5-48D3-9B7B-72703870DA05}.Release|x64.Build.0 = Release|Any CPU
		{046ED613-45E5-48D3-9B7B-72703870DA05}.Release|x86.ActiveCfg = Release|Any CPU
		{046ED613-45E5-48D3-9B7B-72703870DA05}.Release|x86.Build.0 = Release|Any CPU
		{37181DCE-EEA5-4CC8-8DF3-32B9AB883DE8}.Debug|Any CPU.ActiveCfg = Debug|Any CPU
		{37181DCE-EEA5-4CC8-8DF3-32B9AB883DE8}.Debug|Any CPU.Build.0 = Debug|Any CPU
		{37181DCE-EEA5-4CC8-8DF3-32B9AB883DE8}.Debug|x64.ActiveCfg = Debug|Any CPU
		{37181DCE-EEA5-4CC8-8DF3-32B9AB883DE8}.Debug|x64.Build.0 = Debug|Any CPU
		{37181DCE-EEA5-4CC8-8DF3-32B9AB883DE8}.Debug|x86.ActiveCfg = Debug|Any CPU
		{37181DCE-EEA5-4CC8-8DF3-32B9AB883DE8}.Debug|x86.Build.0 = Debug|Any CPU
		{37181DCE-EEA5-4CC8-8DF3-32B9AB883DE8}.Release|Any CPU.ActiveCfg = Release|Any CPU
		{37181DCE-EEA5-4CC8-8DF3-32B9AB883DE8}.Release|Any CPU.Build.0 = Release|Any CPU
		{37181DCE-EEA5-4CC8-8DF3-32B9AB883DE8}.Release|x64.ActiveCfg = Release|Any CPU
		{37181DCE-EEA5-4CC8-8DF3-32B9AB883DE8}.Release|x64.Build.0 = Release|Any CPU
		{37181DCE-EEA5-4CC8-8DF3-32B9AB883DE8}.Release|x86.ActiveCfg = Release|Any CPU
		{37181DCE-EEA5-4CC8-8DF3-32B9AB883DE8}.Release|x86.Build.0 = Release|Any CPU
		{DA5DE9DF-7727-4D5F-8274-896B8EB80ED3}.Debug|Any CPU.ActiveCfg = Debug|Any CPU
		{DA5DE9DF-7727-4D5F-8274-896B8EB80ED3}.Debug|Any CPU.Build.0 = Debug|Any CPU
		{DA5DE9DF-7727-4D5F-8274-896B8EB80ED3}.Debug|x64.ActiveCfg = Debug|Any CPU
		{DA5DE9DF-7727-4D5F-8274-896B8EB80ED3}.Debug|x64.Build.0 = Debug|Any CPU
		{DA5DE9DF-7727-4D5F-8274-896B8EB80ED3}.Debug|x86.ActiveCfg = Debug|Any CPU
		{DA5DE9DF-7727-4D5F-8274-896B8EB80ED3}.Debug|x86.Build.0 = Debug|Any CPU
		{DA5DE9DF-7727-4D5F-8274-896B8EB80ED3}.Release|Any CPU.ActiveCfg = Release|Any CPU
		{DA5DE9DF-7727-4D5F-8274-896B8EB80ED3}.Release|Any CPU.Build.0 = Release|Any CPU
		{DA5DE9DF-7727-4D5F-8274-896B8EB80ED3}.Release|x64.ActiveCfg = Release|Any CPU
		{DA5DE9DF-7727-4D5F-8274-896B8EB80ED3}.Release|x64.Build.0 = Release|Any CPU
		{DA5DE9DF-7727-4D5F-8274-896B8EB80ED3}.Release|x86.ActiveCfg = Release|Any CPU
		{DA5DE9DF-7727-4D5F-8274-896B8EB80ED3}.Release|x86.Build.0 = Release|Any CPU
		{C6FAAFDF-2D25-4CD3-BD71-59BAA98F1D20}.Debug|Any CPU.ActiveCfg = Debug|Any CPU
		{C6FAAFDF-2D25-4CD3-BD71-59BAA98F1D20}.Debug|Any CPU.Build.0 = Debug|Any CPU
		{C6FAAFDF-2D25-4CD3-BD71-59BAA98F1D20}.Debug|x64.ActiveCfg = Debug|Any CPU
		{C6FAAFDF-2D25-4CD3-BD71-59BAA98F1D20}.Debug|x64.Build.0 = Debug|Any CPU
		{C6FAAFDF-2D25-4CD3-BD71-59BAA98F1D20}.Debug|x86.ActiveCfg = Debug|Any CPU
		{C6FAAFDF-2D25-4CD3-BD71-59BAA98F1D20}.Debug|x86.Build.0 = Debug|Any CPU
		{C6FAAFDF-2D25-4CD3-BD71-59BAA98F1D20}.Release|Any CPU.ActiveCfg = Release|Any CPU
		{C6FAAFDF-2D25-4CD3-BD71-59BAA98F1D20}.Release|Any CPU.Build.0 = Release|Any CPU
		{C6FAAFDF-2D25-4CD3-BD71-59BAA98F1D20}.Release|x64.ActiveCfg = Release|Any CPU
		{C6FAAFDF-2D25-4CD3-BD71-59BAA98F1D20}.Release|x64.Build.0 = Release|Any CPU
		{C6FAAFDF-2D25-4CD3-BD71-59BAA98F1D20}.Release|x86.ActiveCfg = Release|Any CPU
		{C6FAAFDF-2D25-4CD3-BD71-59BAA98F1D20}.Release|x86.Build.0 = Release|Any CPU
		{0F691AC2-F9E1-45CB-B34E-7B57171ADCE7}.Debug|Any CPU.ActiveCfg = Debug|Any CPU
		{0F691AC2-F9E1-45CB-B34E-7B57171ADCE7}.Debug|Any CPU.Build.0 = Debug|Any CPU
		{0F691AC2-F9E1-45CB-B34E-7B57171ADCE7}.Debug|x64.ActiveCfg = Debug|Any CPU
		{0F691AC2-F9E1-45CB-B34E-7B57171ADCE7}.Debug|x64.Build.0 = Debug|Any CPU
		{0F691AC2-F9E1-45CB-B34E-7B57171ADCE7}.Debug|x86.ActiveCfg = Debug|Any CPU
		{0F691AC2-F9E1-45CB-B34E-7B57171ADCE7}.Debug|x86.Build.0 = Debug|Any CPU
		{0F691AC2-F9E1-45CB-B34E-7B57171ADCE7}.Release|Any CPU.ActiveCfg = Release|Any CPU
		{0F691AC2-F9E1-45CB-B34E-7B57171ADCE7}.Release|Any CPU.Build.0 = Release|Any CPU
		{0F691AC2-F9E1-45CB-B34E-7B57171ADCE7}.Release|x64.ActiveCfg = Release|Any CPU
		{0F691AC2-F9E1-45CB-B34E-7B57171ADCE7}.Release|x64.Build.0 = Release|Any CPU
		{0F691AC2-F9E1-45CB-B34E-7B57171ADCE7}.Release|x86.ActiveCfg = Release|Any CPU
		{0F691AC2-F9E1-45CB-B34E-7B57171ADCE7}.Release|x86.Build.0 = Release|Any CPU
		{E3AE6231-B01C-4392-AA43-20F1215A876B}.Debug|Any CPU.ActiveCfg = Debug|Any CPU
		{E3AE6231-B01C-4392-AA43-20F1215A876B}.Debug|Any CPU.Build.0 = Debug|Any CPU
		{E3AE6231-B01C-4392-AA43-20F1215A876B}.Debug|x64.ActiveCfg = Debug|Any CPU
		{E3AE6231-B01C-4392-AA43-20F1215A876B}.Debug|x64.Build.0 = Debug|Any CPU
		{E3AE6231-B01C-4392-AA43-20F1215A876B}.Debug|x86.ActiveCfg = Debug|Any CPU
		{E3AE6231-B01C-4392-AA43-20F1215A876B}.Debug|x86.Build.0 = Debug|Any CPU
		{E3AE6231-B01C-4392-AA43-20F1215A876B}.Release|Any CPU.ActiveCfg = Release|Any CPU
		{E3AE6231-B01C-4392-AA43-20F1215A876B}.Release|Any CPU.Build.0 = Release|Any CPU
		{E3AE6231-B01C-4392-AA43-20F1215A876B}.Release|x64.ActiveCfg = Release|Any CPU
		{E3AE6231-B01C-4392-AA43-20F1215A876B}.Release|x64.Build.0 = Release|Any CPU
		{E3AE6231-B01C-4392-AA43-20F1215A876B}.Release|x86.ActiveCfg = Release|Any CPU
		{E3AE6231-B01C-4392-AA43-20F1215A876B}.Release|x86.Build.0 = Release|Any CPU
		{C424AE43-8596-4E8C-9517-0B4BF2927364}.Debug|Any CPU.ActiveCfg = Debug|Any CPU
		{C424AE43-8596-4E8C-9517-0B4BF2927364}.Debug|Any CPU.Build.0 = Debug|Any CPU
		{C424AE43-8596-4E8C-9517-0B4BF2927364}.Debug|x64.ActiveCfg = Debug|Any CPU
		{C424AE43-8596-4E8C-9517-0B4BF2927364}.Debug|x64.Build.0 = Debug|Any CPU
		{C424AE43-8596-4E8C-9517-0B4BF2927364}.Debug|x86.ActiveCfg = Debug|Any CPU
		{C424AE43-8596-4E8C-9517-0B4BF2927364}.Debug|x86.Build.0 = Debug|Any CPU
		{C424AE43-8596-4E8C-9517-0B4BF2927364}.Release|Any CPU.ActiveCfg = Release|Any CPU
		{C424AE43-8596-4E8C-9517-0B4BF2927364}.Release|Any CPU.Build.0 = Release|Any CPU
		{C424AE43-8596-4E8C-9517-0B4BF2927364}.Release|x64.ActiveCfg = Release|Any CPU
		{C424AE43-8596-4E8C-9517-0B4BF2927364}.Release|x64.Build.0 = Release|Any CPU
		{C424AE43-8596-4E8C-9517-0B4BF2927364}.Release|x86.ActiveCfg = Release|Any CPU
		{C424AE43-8596-4E8C-9517-0B4BF2927364}.Release|x86.Build.0 = Release|Any CPU
	EndGlobalSection
	GlobalSection(SolutionProperties) = preSolution
		HideSolutionNode = FALSE
	EndGlobalSection
EndGlobal
